// !$*UTF8*$!
{
	archiveVersion = 1;
	classes = {
	};
	objectVersion = 56;
	objects = {

/* Begin PBXBuildFile section */
		630F49D52AE948DA002B546B /* AfricaAppApp.swift in Sources */ = {isa = PBXBuildFile; fileRef = 630F49D42AE948DA002B546B /* AfricaAppApp.swift */; };
		630F49D72AE948DA002B546B /* ContentView.swift in Sources */ = {isa = PBXBuildFile; fileRef = 630F49D62AE948DA002B546B /* ContentView.swift */; };
		630F49D92AE948DB002B546B /* Assets.xcassets in Resources */ = {isa = PBXBuildFile; fileRef = 630F49D82AE948DB002B546B /* Assets.xcassets */; };
		630F49DC2AE948DB002B546B /* Preview Assets.xcassets in Resources */ = {isa = PBXBuildFile; fileRef = 630F49DB2AE948DB002B546B /* Preview Assets.xcassets */; };
		630F49ED2AE9502F002B546B /* zebra.mp4 in Resources */ = {isa = PBXBuildFile; fileRef = 630F49E32AE9502F002B546B /* zebra.mp4 */; };
		630F49EE2AE9502F002B546B /* elephant.mp4 in Resources */ = {isa = PBXBuildFile; fileRef = 630F49E42AE9502F002B546B /* elephant.mp4 */; };
		630F49EF2AE9502F002B546B /* cheetah.mp4 in Resources */ = {isa = PBXBuildFile; fileRef = 630F49E52AE9502F002B546B /* cheetah.mp4 */; };
		630F49F02AE9502F002B546B /* ostrich.mp4 in Resources */ = {isa = PBXBuildFile; fileRef = 630F49E62AE9502F002B546B /* ostrich.mp4 */; };
		630F49F12AE9502F002B546B /* gorilla.mp4 in Resources */ = {isa = PBXBuildFile; fileRef = 630F49E72AE9502F002B546B /* gorilla.mp4 */; };
		630F49F22AE9502F002B546B /* hippo.mp4 in Resources */ = {isa = PBXBuildFile; fileRef = 630F49E82AE9502F002B546B /* hippo.mp4 */; };
		630F49F32AE9502F002B546B /* lioness.mp4 in Resources */ = {isa = PBXBuildFile; fileRef = 630F49E92AE9502F002B546B /* lioness.mp4 */; };
		630F49F42AE9502F002B546B /* lion.mp4 in Resources */ = {isa = PBXBuildFile; fileRef = 630F49EA2AE9502F002B546B /* lion.mp4 */; };
		630F49F52AE9502F002B546B /* giraffe.mp4 in Resources */ = {isa = PBXBuildFile; fileRef = 630F49EB2AE9502F002B546B /* giraffe.mp4 */; };
		630F49F62AE9502F002B546B /* rhino.mp4 in Resources */ = {isa = PBXBuildFile; fileRef = 630F49EC2AE9502F002B546B /* rhino.mp4 */; };
		630F49FC2AE95068002B546B /* locations.json in Resources */ = {isa = PBXBuildFile; fileRef = 630F49F82AE95068002B546B /* locations.json */; };
		630F49FD2AE95068002B546B /* videos.json in Resources */ = {isa = PBXBuildFile; fileRef = 630F49F92AE95068002B546B /* videos.json */; };
		630F49FE2AE95068002B546B /* covers.json in Resources */ = {isa = PBXBuildFile; fileRef = 630F49FA2AE95068002B546B /* covers.json */; };
		630F49FF2AE95068002B546B /* animals.json in Resources */ = {isa = PBXBuildFile; fileRef = 630F49FB2AE95068002B546B /* animals.json */; };
		630F4A032AE951E7002B546B /* VideoListView.swift in Sources */ = {isa = PBXBuildFile; fileRef = 630F4A022AE951E7002B546B /* VideoListView.swift */; };
		630F4A052AE9523D002B546B /* MapView.swift in Sources */ = {isa = PBXBuildFile; fileRef = 630F4A042AE9523D002B546B /* MapView.swift */; };
		630F4A072AE9524F002B546B /* GalleryView.swift in Sources */ = {isa = PBXBuildFile; fileRef = 630F4A062AE9524F002B546B /* GalleryView.swift */; };
		630F4A092AE95298002B546B /* MainView.swift in Sources */ = {isa = PBXBuildFile; fileRef = 630F4A082AE95298002B546B /* MainView.swift */; };
		630F4A0B2AE957AF002B546B /* CoverImageView.swift in Sources */ = {isa = PBXBuildFile; fileRef = 630F4A0A2AE957AF002B546B /* CoverImageView.swift */; };
		630F4A0F2AE95956002B546B /* CoverImageModel.swift in Sources */ = {isa = PBXBuildFile; fileRef = 630F4A0E2AE95956002B546B /* CoverImageModel.swift */; };
		630F4A122AE95A17002B546B /* CodableBundleExtension.swift in Sources */ = {isa = PBXBuildFile; fileRef = 630F4A112AE95A17002B546B /* CodableBundleExtension.swift */; };
		630F4A142AE96492002B546B /* AnimalListItemView.swift in Sources */ = {isa = PBXBuildFile; fileRef = 630F4A132AE96492002B546B /* AnimalListItemView.swift */; };
		630F4A162AE9662E002B546B /* AnimalModel.swift in Sources */ = {isa = PBXBuildFile; fileRef = 630F4A152AE9662E002B546B /* AnimalModel.swift */; };
		63319D412AEBD3B400B0A6CC /* AnimalDetailView.swift in Sources */ = {isa = PBXBuildFile; fileRef = 63319D402AEBD3B400B0A6CC /* AnimalDetailView.swift */; };
		63319D432AEBD5F800B0A6CC /* HeadingView.swift in Sources */ = {isa = PBXBuildFile; fileRef = 63319D422AEBD5F800B0A6CC /* HeadingView.swift */; };
		63319D452AEBD70D00B0A6CC /* InsetGalleryView.swift in Sources */ = {isa = PBXBuildFile; fileRef = 63319D442AEBD70D00B0A6CC /* InsetGalleryView.swift */; };
		63319D472AEBDBEA00B0A6CC /* InsetFactView.swift in Sources */ = {isa = PBXBuildFile; fileRef = 63319D462AEBDBEA00B0A6CC /* InsetFactView.swift */; };
		63319D492AEBDF0900B0A6CC /* InsetMapView.swift in Sources */ = {isa = PBXBuildFile; fileRef = 63319D482AEBDF0900B0A6CC /* InsetMapView.swift */; };
		63319D4B2AEBE29100B0A6CC /* ExternalWeblinkView.swift in Sources */ = {isa = PBXBuildFile; fileRef = 63319D4A2AEBE29100B0A6CC /* ExternalWeblinkView.swift */; };
		63319D4D2AEBE7AC00B0A6CC /* VideoModel.swift in Sources */ = {isa = PBXBuildFile; fileRef = 63319D4C2AEBE7AC00B0A6CC /* VideoModel.swift */; };
		63319D4F2AEBE80600B0A6CC /* VideoListItemView.swift in Sources */ = {isa = PBXBuildFile; fileRef = 63319D4E2AEBE80600B0A6CC /* VideoListItemView.swift */; };
		63319D512AEBEECD00B0A6CC /* VideoPlayerView.swift in Sources */ = {isa = PBXBuildFile; fileRef = 63319D502AEBEECD00B0A6CC /* VideoPlayerView.swift */; };
		63319D542AEBEF8100B0A6CC /* VideoPlayerHelper.swift in Sources */ = {isa = PBXBuildFile; fileRef = 63319D532AEBEF8100B0A6CC /* VideoPlayerHelper.swift */; };
		6341BA482AF1895400F7232F /* CreditsView.swift in Sources */ = {isa = PBXBuildFile; fileRef = 6341BA472AF1895400F7232F /* CreditsView.swift */; };
		6341BA4B2AF18B1400F7232F /* CenterModifier.swift in Sources */ = {isa = PBXBuildFile; fileRef = 6341BA4A2AF18B1400F7232F /* CenterModifier.swift */; };
		638360A22AF11B560084F66C /* LocationModel.swift in Sources */ = {isa = PBXBuildFile; fileRef = 638360A12AF11B560084F66C /* LocationModel.swift */; };
		638360A42AF11EA10084F66C /* MapAnnotationView.swift in Sources */ = {isa = PBXBuildFile; fileRef = 638360A32AF11EA10084F66C /* MapAnnotationView.swift */; };
		638360A62AF12F3F0084F66C /* MotionAnimationView.swift in Sources */ = {isa = PBXBuildFile; fileRef = 638360A52AF12F3F0084F66C /* MotionAnimationView.swift */; };
/* End PBXBuildFile section */

/* Begin PBXFileReference section */
		630F49D12AE948DA002B546B /* AfricaApp.app */ = {isa = PBXFileReference; explicitFileType = wrapper.application; includeInIndex = 0; path = AfricaApp.app; sourceTree = BUILT_PRODUCTS_DIR; };
		630F49D42AE948DA002B546B /* AfricaAppApp.swift */ = {isa = PBXFileReference; lastKnownFileType = sourcecode.swift; path = AfricaAppApp.swift; sourceTree = "<group>"; };
		630F49D62AE948DA002B546B /* ContentView.swift */ = {isa = PBXFileReference; lastKnownFileType = sourcecode.swift; path = ContentView.swift; sourceTree = "<group>"; };
		630F49D82AE948DB002B546B /* Assets.xcassets */ = {isa = PBXFileReference; lastKnownFileType = folder.assetcatalog; path = Assets.xcassets; sourceTree = "<group>"; };
		630F49DB2AE948DB002B546B /* Preview Assets.xcassets */ = {isa = PBXFileReference; lastKnownFileType = folder.assetcatalog; path = "Preview Assets.xcassets"; sourceTree = "<group>"; };
		630F49E32AE9502F002B546B /* zebra.mp4 */ = {isa = PBXFileReference; lastKnownFileType = file; path = zebra.mp4; sourceTree = "<group>"; };
		630F49E42AE9502F002B546B /* elephant.mp4 */ = {isa = PBXFileReference; lastKnownFileType = file; path = elephant.mp4; sourceTree = "<group>"; };
		630F49E52AE9502F002B546B /* cheetah.mp4 */ = {isa = PBXFileReference; lastKnownFileType = file; path = cheetah.mp4; sourceTree = "<group>"; };
		630F49E62AE9502F002B546B /* ostrich.mp4 */ = {isa = PBXFileReference; lastKnownFileType = file; path = ostrich.mp4; sourceTree = "<group>"; };
		630F49E72AE9502F002B546B /* gorilla.mp4 */ = {isa = PBXFileReference; lastKnownFileType = file; path = gorilla.mp4; sourceTree = "<group>"; };
		630F49E82AE9502F002B546B /* hippo.mp4 */ = {isa = PBXFileReference; lastKnownFileType = file; path = hippo.mp4; sourceTree = "<group>"; };
		630F49E92AE9502F002B546B /* lioness.mp4 */ = {isa = PBXFileReference; lastKnownFileType = file; path = lioness.mp4; sourceTree = "<group>"; };
		630F49EA2AE9502F002B546B /* lion.mp4 */ = {isa = PBXFileReference; lastKnownFileType = file; path = lion.mp4; sourceTree = "<group>"; };
		630F49EB2AE9502F002B546B /* giraffe.mp4 */ = {isa = PBXFileReference; lastKnownFileType = file; path = giraffe.mp4; sourceTree = "<group>"; };
		630F49EC2AE9502F002B546B /* rhino.mp4 */ = {isa = PBXFileReference; lastKnownFileType = file; path = rhino.mp4; sourceTree = "<group>"; };
		630F49F82AE95068002B546B /* locations.json */ = {isa = PBXFileReference; fileEncoding = 4; lastKnownFileType = text.json; path = locations.json; sourceTree = "<group>"; };
		630F49F92AE95068002B546B /* videos.json */ = {isa = PBXFileReference; fileEncoding = 4; lastKnownFileType = text.json; path = videos.json; sourceTree = "<group>"; };
		630F49FA2AE95068002B546B /* covers.json */ = {isa = PBXFileReference; fileEncoding = 4; lastKnownFileType = text.json; path = covers.json; sourceTree = "<group>"; };
		630F49FB2AE95068002B546B /* animals.json */ = {isa = PBXFileReference; fileEncoding = 4; lastKnownFileType = text.json; path = animals.json; sourceTree = "<group>"; };
		630F4A002AE95129002B546B /* Info.plist */ = {isa = PBXFileReference; lastKnownFileType = text.plist; path = Info.plist; sourceTree = "<group>"; };
		630F4A022AE951E7002B546B /* VideoListView.swift */ = {isa = PBXFileReference; lastKnownFileType = sourcecode.swift; path = VideoListView.swift; sourceTree = "<group>"; };
		630F4A042AE9523D002B546B /* MapView.swift */ = {isa = PBXFileReference; lastKnownFileType = sourcecode.swift; path = MapView.swift; sourceTree = "<group>"; };
		630F4A062AE9524F002B546B /* GalleryView.swift */ = {isa = PBXFileReference; lastKnownFileType = sourcecode.swift; path = GalleryView.swift; sourceTree = "<group>"; };
		630F4A082AE95298002B546B /* MainView.swift */ = {isa = PBXFileReference; lastKnownFileType = sourcecode.swift; path = MainView.swift; sourceTree = "<group>"; };
		630F4A0A2AE957AF002B546B /* CoverImageView.swift */ = {isa = PBXFileReference; lastKnownFileType = sourcecode.swift; path = CoverImageView.swift; sourceTree = "<group>"; };
		630F4A0E2AE95956002B546B /* CoverImageModel.swift */ = {isa = PBXFileReference; lastKnownFileType = sourcecode.swift; path = CoverImageModel.swift; sourceTree = "<group>"; };
		630F4A112AE95A17002B546B /* CodableBundleExtension.swift */ = {isa = PBXFileReference; lastKnownFileType = sourcecode.swift; path = CodableBundleExtension.swift; sourceTree = "<group>"; };
		630F4A132AE96492002B546B /* AnimalListItemView.swift */ = {isa = PBXFileReference; lastKnownFileType = sourcecode.swift; path = AnimalListItemView.swift; sourceTree = "<group>"; };
		630F4A152AE9662E002B546B /* AnimalModel.swift */ = {isa = PBXFileReference; lastKnownFileType = sourcecode.swift; path = AnimalModel.swift; sourceTree = "<group>"; };
		63319D402AEBD3B400B0A6CC /* AnimalDetailView.swift */ = {isa = PBXFileReference; lastKnownFileType = sourcecode.swift; path = AnimalDetailView.swift; sourceTree = "<group>"; };
		63319D422AEBD5F800B0A6CC /* HeadingView.swift */ = {isa = PBXFileReference; lastKnownFileType = sourcecode.swift; path = HeadingView.swift; sourceTree = "<group>"; };
		63319D442AEBD70D00B0A6CC /* InsetGalleryView.swift */ = {isa = PBXFileReference; lastKnownFileType = sourcecode.swift; path = InsetGalleryView.swift; sourceTree = "<group>"; };
		63319D462AEBDBEA00B0A6CC /* InsetFactView.swift */ = {isa = PBXFileReference; lastKnownFileType = sourcecode.swift; path = InsetFactView.swift; sourceTree = "<group>"; };
		63319D482AEBDF0900B0A6CC /* InsetMapView.swift */ = {isa = PBXFileReference; lastKnownFileType = sourcecode.swift; path = InsetMapView.swift; sourceTree = "<group>"; };
		63319D4A2AEBE29100B0A6CC /* ExternalWeblinkView.swift */ = {isa = PBXFileReference; lastKnownFileType = sourcecode.swift; path = ExternalWeblinkView.swift; sourceTree = "<group>"; };
		63319D4C2AEBE7AC00B0A6CC /* VideoModel.swift */ = {isa = PBXFileReference; lastKnownFileType = sourcecode.swift; path = VideoModel.swift; sourceTree = "<group>"; };
		63319D4E2AEBE80600B0A6CC /* VideoListItemView.swift */ = {isa = PBXFileReference; lastKnownFileType = sourcecode.swift; path = VideoListItemView.swift; sourceTree = "<group>"; };
		63319D502AEBEECD00B0A6CC /* VideoPlayerView.swift */ = {isa = PBXFileReference; lastKnownFileType = sourcecode.swift; path = VideoPlayerView.swift; sourceTree = "<group>"; };
		63319D532AEBEF8100B0A6CC /* VideoPlayerHelper.swift */ = {isa = PBXFileReference; lastKnownFileType = sourcecode.swift; path = VideoPlayerHelper.swift; sourceTree = "<group>"; };
		6341BA472AF1895400F7232F /* CreditsView.swift */ = {isa = PBXFileReference; lastKnownFileType = sourcecode.swift; path = CreditsView.swift; sourceTree = "<group>"; };
		6341BA4A2AF18B1400F7232F /* CenterModifier.swift */ = {isa = PBXFileReference; lastKnownFileType = sourcecode.swift; path = CenterModifier.swift; sourceTree = "<group>"; };
		638360A12AF11B560084F66C /* LocationModel.swift */ = {isa = PBXFileReference; lastKnownFileType = sourcecode.swift; path = LocationModel.swift; sourceTree = "<group>"; };
		638360A32AF11EA10084F66C /* MapAnnotationView.swift */ = {isa = PBXFileReference; lastKnownFileType = sourcecode.swift; path = MapAnnotationView.swift; sourceTree = "<group>"; };
		638360A52AF12F3F0084F66C /* MotionAnimationView.swift */ = {isa = PBXFileReference; lastKnownFileType = sourcecode.swift; path = MotionAnimationView.swift; sourceTree = "<group>"; };
/* End PBXFileReference section */

/* Begin PBXFrameworksBuildPhase section */
		630F49CE2AE948DA002B546B /* Frameworks */ = {
			isa = PBXFrameworksBuildPhase;
			buildActionMask = 2147483647;
			files = (
			);
			runOnlyForDeploymentPostprocessing = 0;
		};
/* End PBXFrameworksBuildPhase section */

/* Begin PBXGroup section */
		630F49C82AE948DA002B546B = {
			isa = PBXGroup;
			children = (
				630F49D32AE948DA002B546B /* AfricaApp */,
				630F49D22AE948DA002B546B /* Products */,
			);
			sourceTree = "<group>";
		};
		630F49D22AE948DA002B546B /* Products */ = {
			isa = PBXGroup;
			children = (
				630F49D12AE948DA002B546B /* AfricaApp.app */,
			);
			name = Products;
			sourceTree = "<group>";
		};
		630F49D32AE948DA002B546B /* AfricaApp */ = {
			isa = PBXGroup;
			children = (
				6341BA492AF18AFF00F7232F /* Modifier */,
				63319D522AEBEF7000B0A6CC /* Helper */,
				630F4A102AE95A05002B546B /* Extension */,
				630F4A0D2AE95945002B546B /* Model */,
				630F4A002AE95129002B546B /* Info.plist */,
				630F4A0C2AE957B8002B546B /* View */,
				630F49F72AE95052002B546B /* Data */,
				630F49E22AE95007002B546B /* Video */,
				630F4A012AE951A8002B546B /* App */,
				630F49D82AE948DB002B546B /* Assets.xcassets */,
				630F49DA2AE948DB002B546B /* Preview Content */,
			);
			path = AfricaApp;
			sourceTree = "<group>";
		};
		630F49DA2AE948DB002B546B /* Preview Content */ = {
			isa = PBXGroup;
			children = (
				630F49DB2AE948DB002B546B /* Preview Assets.xcassets */,
			);
			path = "Preview Content";
			sourceTree = "<group>";
		};
		630F49E22AE95007002B546B /* Video */ = {
			isa = PBXGroup;
			children = (
				630F49E52AE9502F002B546B /* cheetah.mp4 */,
				630F49E42AE9502F002B546B /* elephant.mp4 */,
				630F49EB2AE9502F002B546B /* giraffe.mp4 */,
				630F49E72AE9502F002B546B /* gorilla.mp4 */,
				630F49E82AE9502F002B546B /* hippo.mp4 */,
				630F49EA2AE9502F002B546B /* lion.mp4 */,
				630F49E92AE9502F002B546B /* lioness.mp4 */,
				630F49E62AE9502F002B546B /* ostrich.mp4 */,
				630F49EC2AE9502F002B546B /* rhino.mp4 */,
				630F49E32AE9502F002B546B /* zebra.mp4 */,
			);
			path = Video;
			sourceTree = "<group>";
		};
		630F49F72AE95052002B546B /* Data */ = {
			isa = PBXGroup;
			children = (
				630F49FB2AE95068002B546B /* animals.json */,
				630F49FA2AE95068002B546B /* covers.json */,
				630F49F82AE95068002B546B /* locations.json */,
				630F49F92AE95068002B546B /* videos.json */,
			);
			path = Data;
			sourceTree = "<group>";
		};
		630F4A012AE951A8002B546B /* App */ = {
			isa = PBXGroup;
			children = (
				630F49D42AE948DA002B546B /* AfricaAppApp.swift */,
				630F49D62AE948DA002B546B /* ContentView.swift */,
				630F4A022AE951E7002B546B /* VideoListView.swift */,
				630F4A042AE9523D002B546B /* MapView.swift */,
				630F4A062AE9524F002B546B /* GalleryView.swift */,
				630F4A082AE95298002B546B /* MainView.swift */,
			);
			path = App;
			sourceTree = "<group>";
		};
		630F4A0C2AE957B8002B546B /* View */ = {
			isa = PBXGroup;
			children = (
				630F4A0A2AE957AF002B546B /* CoverImageView.swift */,
				630F4A132AE96492002B546B /* AnimalListItemView.swift */,
				63319D402AEBD3B400B0A6CC /* AnimalDetailView.swift */,
				63319D422AEBD5F800B0A6CC /* HeadingView.swift */,
				63319D442AEBD70D00B0A6CC /* InsetGalleryView.swift */,
				63319D462AEBDBEA00B0A6CC /* InsetFactView.swift */,
				63319D482AEBDF0900B0A6CC /* InsetMapView.swift */,
				63319D4A2AEBE29100B0A6CC /* ExternalWeblinkView.swift */,
				63319D4E2AEBE80600B0A6CC /* VideoListItemView.swift */,
				63319D502AEBEECD00B0A6CC /* VideoPlayerView.swift */,
				638360A32AF11EA10084F66C /* MapAnnotationView.swift */,
				638360A52AF12F3F0084F66C /* MotionAnimationView.swift */,
				6341BA472AF1895400F7232F /* CreditsView.swift */,
			);
			path = View;
			sourceTree = "<group>";
		};
		630F4A0D2AE95945002B546B /* Model */ = {
			isa = PBXGroup;
			children = (
				630F4A0E2AE95956002B546B /* CoverImageModel.swift */,
				630F4A152AE9662E002B546B /* AnimalModel.swift */,
				63319D4C2AEBE7AC00B0A6CC /* VideoModel.swift */,
				638360A12AF11B560084F66C /* LocationModel.swift */,
			);
			path = Model;
			sourceTree = "<group>";
		};
		630F4A102AE95A05002B546B /* Extension */ = {
			isa = PBXGroup;
			children = (
				630F4A112AE95A17002B546B /* CodableBundleExtension.swift */,
			);
			path = Extension;
			sourceTree = "<group>";
		};
		63319D522AEBEF7000B0A6CC /* Helper */ = {
			isa = PBXGroup;
			children = (
				63319D532AEBEF8100B0A6CC /* VideoPlayerHelper.swift */,
			);
			path = Helper;
			sourceTree = "<group>";
		};
		6341BA492AF18AFF00F7232F /* Modifier */ = {
			isa = PBXGroup;
			children = (
				6341BA4A2AF18B1400F7232F /* CenterModifier.swift */,
			);
			path = Modifier;
			sourceTree = "<group>";
		};
/* End PBXGroup section */

/* Begin PBXNativeTarget section */
		630F49D02AE948DA002B546B /* AfricaApp */ = {
			isa = PBXNativeTarget;
			buildConfigurationList = 630F49DF2AE948DB002B546B /* Build configuration list for PBXNativeTarget "AfricaApp" */;
			buildPhases = (
				630F49CD2AE948DA002B546B /* Sources */,
				630F49CE2AE948DA002B546B /* Frameworks */,
				630F49CF2AE948DA002B546B /* Resources */,
			);
			buildRules = (
			);
			dependencies = (
			);
			name = AfricaApp;
			productName = AfricaApp;
			productReference = 630F49D12AE948DA002B546B /* AfricaApp.app */;
			productType = "com.apple.product-type.application";
		};
/* End PBXNativeTarget section */

/* Begin PBXProject section */
		630F49C92AE948DA002B546B /* Project object */ = {
			isa = PBXProject;
			attributes = {
				BuildIndependentTargetsInParallel = 1;
				LastSwiftUpdateCheck = 1500;
				LastUpgradeCheck = 1500;
				TargetAttributes = {
					630F49D02AE948DA002B546B = {
						CreatedOnToolsVersion = 15.0;
					};
				};
			};
			buildConfigurationList = 630F49CC2AE948DA002B546B /* Build configuration list for PBXProject "AfricaApp" */;
			compatibilityVersion = "Xcode 14.0";
			developmentRegion = en;
			hasScannedForEncodings = 0;
			knownRegions = (
				en,
				Base,
			);
			mainGroup = 630F49C82AE948DA002B546B;
			productRefGroup = 630F49D22AE948DA002B546B /* Products */;
			projectDirPath = "";
			projectRoot = "";
			targets = (
				630F49D02AE948DA002B546B /* AfricaApp */,
			);
		};
/* End PBXProject section */

/* Begin PBXResourcesBuildPhase section */
		630F49CF2AE948DA002B546B /* Resources */ = {
			isa = PBXResourcesBuildPhase;
			buildActionMask = 2147483647;
			files = (
				630F49FC2AE95068002B546B /* locations.json in Resources */,
				630F49F62AE9502F002B546B /* rhino.mp4 in Resources */,
				630F49F22AE9502F002B546B /* hippo.mp4 in Resources */,
				630F49FD2AE95068002B546B /* videos.json in Resources */,
				630F49F02AE9502F002B546B /* ostrich.mp4 in Resources */,
				630F49F32AE9502F002B546B /* lioness.mp4 in Resources */,
				630F49F42AE9502F002B546B /* lion.mp4 in Resources */,
				630F49EE2AE9502F002B546B /* elephant.mp4 in Resources */,
				630F49EF2AE9502F002B546B /* cheetah.mp4 in Resources */,
				630F49FF2AE95068002B546B /* animals.json in Resources */,
				630F49F52AE9502F002B546B /* giraffe.mp4 in Resources */,
				630F49FE2AE95068002B546B /* covers.json in Resources */,
				630F49F12AE9502F002B546B /* gorilla.mp4 in Resources */,
				630F49DC2AE948DB002B546B /* Preview Assets.xcassets in Resources */,
				630F49ED2AE9502F002B546B /* zebra.mp4 in Resources */,
				630F49D92AE948DB002B546B /* Assets.xcassets in Resources */,
			);
			runOnlyForDeploymentPostprocessing = 0;
		};
/* End PBXResourcesBuildPhase section */

/* Begin PBXSourcesBuildPhase section */
		630F49CD2AE948DA002B546B /* Sources */ = {
			isa = PBXSourcesBuildPhase;
			buildActionMask = 2147483647;
			files = (
				63319D4B2AEBE29100B0A6CC /* ExternalWeblinkView.swift in Sources */,
				630F49D72AE948DA002B546B /* ContentView.swift in Sources */,
				630F4A142AE96492002B546B /* AnimalListItemView.swift in Sources */,
				630F4A092AE95298002B546B /* MainView.swift in Sources */,
				63319D472AEBDBEA00B0A6CC /* InsetFactView.swift in Sources */,
				630F4A0B2AE957AF002B546B /* CoverImageView.swift in Sources */,
				630F4A0F2AE95956002B546B /* CoverImageModel.swift in Sources */,
				63319D412AEBD3B400B0A6CC /* AnimalDetailView.swift in Sources */,
				630F4A162AE9662E002B546B /* AnimalModel.swift in Sources */,
				630F4A052AE9523D002B546B /* MapView.swift in Sources */,
				63319D542AEBEF8100B0A6CC /* VideoPlayerHelper.swift in Sources */,
				63319D492AEBDF0900B0A6CC /* InsetMapView.swift in Sources */,
				630F49D52AE948DA002B546B /* AfricaAppApp.swift in Sources */,
				6341BA4B2AF18B1400F7232F /* CenterModifier.swift in Sources */,
				638360A42AF11EA10084F66C /* MapAnnotationView.swift in Sources */,
				630F4A032AE951E7002B546B /* VideoListView.swift in Sources */,
				63319D4D2AEBE7AC00B0A6CC /* VideoModel.swift in Sources */,
				630F4A072AE9524F002B546B /* GalleryView.swift in Sources */,
				638360A22AF11B560084F66C /* LocationModel.swift in Sources */,
				63319D452AEBD70D00B0A6CC /* InsetGalleryView.swift in Sources */,
				63319D4F2AEBE80600B0A6CC /* VideoListItemView.swift in Sources */,
				630F4A122AE95A17002B546B /* CodableBundleExtension.swift in Sources */,
				638360A62AF12F3F0084F66C /* MotionAnimationView.swift in Sources */,
				63319D432AEBD5F800B0A6CC /* HeadingView.swift in Sources */,
				6341BA482AF1895400F7232F /* CreditsView.swift in Sources */,
				63319D512AEBEECD00B0A6CC /* VideoPlayerView.swift in Sources */,
			);
			runOnlyForDeploymentPostprocessing = 0;
		};
/* End PBXSourcesBuildPhase section */

/* Begin XCBuildConfiguration section */
		630F49DD2AE948DB002B546B /* Debug */ = {
			isa = XCBuildConfiguration;
			buildSettings = {
				ALWAYS_SEARCH_USER_PATHS = NO;
				ASSETCATALOG_COMPILER_GENERATE_SWIFT_ASSET_SYMBOL_EXTENSIONS = YES;
				CLANG_ANALYZER_NONNULL = YES;
				CLANG_ANALYZER_NUMBER_OBJECT_CONVERSION = YES_AGGRESSIVE;
				CLANG_CXX_LANGUAGE_STANDARD = "gnu++20";
				CLANG_ENABLE_MODULES = YES;
				CLANG_ENABLE_OBJC_ARC = YES;
				CLANG_ENABLE_OBJC_WEAK = YES;
				CLANG_WARN_BLOCK_CAPTURE_AUTORELEASING = YES;
				CLANG_WARN_BOOL_CONVERSION = YES;
				CLANG_WARN_COMMA = YES;
				CLANG_WARN_CONSTANT_CONVERSION = YES;
				CLANG_WARN_DEPRECATED_OBJC_IMPLEMENTATIONS = YES;
				CLANG_WARN_DIRECT_OBJC_ISA_USAGE = YES_ERROR;
				CLANG_WARN_DOCUMENTATION_COMMENTS = YES;
				CLANG_WARN_EMPTY_BODY = YES;
				CLANG_WARN_ENUM_CONVERSION = YES;
				CLANG_WARN_INFINITE_RECURSION = YES;
				CLANG_WARN_INT_CONVERSION = YES;
				CLANG_WARN_NON_LITERAL_NULL_CONVERSION = YES;
				CLANG_WARN_OBJC_IMPLICIT_RETAIN_SELF = YES;
				CLANG_WARN_OBJC_LITERAL_CONVERSION = YES;
				CLANG_WARN_OBJC_ROOT_CLASS = YES_ERROR;
				CLANG_WARN_QUOTED_INCLUDE_IN_FRAMEWORK_HEADER = YES;
				CLANG_WARN_RANGE_LOOP_ANALYSIS = YES;
				CLANG_WARN_STRICT_PROTOTYPES = YES;
				CLANG_WARN_SUSPICIOUS_MOVE = YES;
				CLANG_WARN_UNGUARDED_AVAILABILITY = YES_AGGRESSIVE;
				CLANG_WARN_UNREACHABLE_CODE = YES;
				CLANG_WARN__DUPLICATE_METHOD_MATCH = YES;
				COPY_PHASE_STRIP = NO;
				DEBUG_INFORMATION_FORMAT = dwarf;
				ENABLE_STRICT_OBJC_MSGSEND = YES;
				ENABLE_TESTABILITY = YES;
				ENABLE_USER_SCRIPT_SANDBOXING = YES;
				GCC_C_LANGUAGE_STANDARD = gnu17;
				GCC_DYNAMIC_NO_PIC = NO;
				GCC_NO_COMMON_BLOCKS = YES;
				GCC_OPTIMIZATION_LEVEL = 0;
				GCC_PREPROCESSOR_DEFINITIONS = (
					"DEBUG=1",
					"$(inherited)",
				);
				GCC_WARN_64_TO_32_BIT_CONVERSION = YES;
				GCC_WARN_ABOUT_RETURN_TYPE = YES_ERROR;
				GCC_WARN_UNDECLARED_SELECTOR = YES;
				GCC_WARN_UNINITIALIZED_AUTOS = YES_AGGRESSIVE;
				GCC_WARN_UNUSED_FUNCTION = YES;
				GCC_WARN_UNUSED_VARIABLE = YES;
				IPHONEOS_DEPLOYMENT_TARGET = 17.0;
				LOCALIZATION_PREFERS_STRING_CATALOGS = YES;
				MTL_ENABLE_DEBUG_INFO = INCLUDE_SOURCE;
				MTL_FAST_MATH = YES;
				ONLY_ACTIVE_ARCH = YES;
				SDKROOT = iphoneos;
				SWIFT_ACTIVE_COMPILATION_CONDITIONS = "DEBUG $(inherited)";
				SWIFT_OPTIMIZATION_LEVEL = "-Onone";
			};
			name = Debug;
		};
		630F49DE2AE948DB002B546B /* Release */ = {
			isa = XCBuildConfiguration;
			buildSettings = {
				ALWAYS_SEARCH_USER_PATHS = NO;
				ASSETCATALOG_COMPILER_GENERATE_SWIFT_ASSET_SYMBOL_EXTENSIONS = YES;
				CLANG_ANALYZER_NONNULL = YES;
				CLANG_ANALYZER_NUMBER_OBJECT_CONVERSION = YES_AGGRESSIVE;
				CLANG_CXX_LANGUAGE_STANDARD = "gnu++20";
				CLANG_ENABLE_MODULES = YES;
				CLANG_ENABLE_OBJC_ARC = YES;
				CLANG_ENABLE_OBJC_WEAK = YES;
				CLANG_WARN_BLOCK_CAPTURE_AUTORELEASING = YES;
				CLANG_WARN_BOOL_CONVERSION = YES;
				CLANG_WARN_COMMA = YES;
				CLANG_WARN_CONSTANT_CONVERSION = YES;
				CLANG_WARN_DEPRECATED_OBJC_IMPLEMENTATIONS = YES;
				CLANG_WARN_DIRECT_OBJC_ISA_USAGE = YES_ERROR;
				CLANG_WARN_DOCUMENTATION_COMMENTS = YES;
				CLANG_WARN_EMPTY_BODY = YES;
				CLANG_WARN_ENUM_CONVERSION = YES;
				CLANG_WARN_INFINITE_RECURSION = YES;
				CLANG_WARN_INT_CONVERSION = YES;
				CLANG_WARN_NON_LITERAL_NULL_CONVERSION = YES;
				CLANG_WARN_OBJC_IMPLICIT_RETAIN_SELF = YES;
				CLANG_WARN_OBJC_LITERAL_CONVERSION = YES;
				CLANG_WARN_OBJC_ROOT_CLASS = YES_ERROR;
				CLANG_WARN_QUOTED_INCLUDE_IN_FRAMEWORK_HEADER = YES;
				CLANG_WARN_RANGE_LOOP_ANALYSIS = YES;
				CLANG_WARN_STRICT_PROTOTYPES = YES;
				CLANG_WARN_SUSPICIOUS_MOVE = YES;
				CLANG_WARN_UNGUARDED_AVAILABILITY = YES_AGGRESSIVE;
				CLANG_WARN_UNREACHABLE_CODE = YES;
				CLANG_WARN__DUPLICATE_METHOD_MATCH = YES;
				COPY_PHASE_STRIP = NO;
				DEBUG_INFORMATION_FORMAT = "dwarf-with-dsym";
				ENABLE_NS_ASSERTIONS = NO;
				ENABLE_STRICT_OBJC_MSGSEND = YES;
				ENABLE_USER_SCRIPT_SANDBOXING = YES;
				GCC_C_LANGUAGE_STANDARD = gnu17;
				GCC_NO_COMMON_BLOCKS = YES;
				GCC_WARN_64_TO_32_BIT_CONVERSION = YES;
				GCC_WARN_ABOUT_RETURN_TYPE = YES_ERROR;
				GCC_WARN_UNDECLARED_SELECTOR = YES;
				GCC_WARN_UNINITIALIZED_AUTOS = YES_AGGRESSIVE;
				GCC_WARN_UNUSED_FUNCTION = YES;
				GCC_WARN_UNUSED_VARIABLE = YES;
				IPHONEOS_DEPLOYMENT_TARGET = 17.0;
				LOCALIZATION_PREFERS_STRING_CATALOGS = YES;
				MTL_ENABLE_DEBUG_INFO = NO;
				MTL_FAST_MATH = YES;
				SDKROOT = iphoneos;
				SWIFT_COMPILATION_MODE = wholemodule;
				VALIDATE_PRODUCT = YES;
			};
			name = Release;
		};
		630F49E02AE948DB002B546B /* Debug */ = {
			isa = XCBuildConfiguration;
			buildSettings = {
				ASSETCATALOG_COMPILER_APPICON_NAME = AppIcon;
				ASSETCATALOG_COMPILER_GLOBAL_ACCENT_COLOR_NAME = AccentColor;
				CODE_SIGN_STYLE = Automatic;
				CURRENT_PROJECT_VERSION = 1;
				DEVELOPMENT_ASSET_PATHS = "\"AfricaApp/Preview Content\"";
				DEVELOPMENT_TEAM = 64DUHGC36K;
				ENABLE_PREVIEWS = YES;
				GENERATE_INFOPLIST_FILE = YES;
				INFOPLIST_FILE = AfricaApp/Info.plist;
				INFOPLIST_KEY_UIApplicationSceneManifest_Generation = YES;
				INFOPLIST_KEY_UIApplicationSupportsIndirectInputEvents = YES;
				INFOPLIST_KEY_UISupportedInterfaceOrientations_iPad = "UIInterfaceOrientationPortrait UIInterfaceOrientationPortraitUpsideDown UIInterfaceOrientationLandscapeLeft UIInterfaceOrientationLandscapeRight";
				INFOPLIST_KEY_UISupportedInterfaceOrientations_iPhone = "UIInterfaceOrientationPortrait UIInterfaceOrientationLandscapeLeft UIInterfaceOrientationLandscapeRight";
				INFOPLIST_KEY_UIUserInterfaceStyle = Dark;
				LD_RUNPATH_SEARCH_PATHS = (
					"$(inherited)",
					"@executable_path/Frameworks",
				);
				MARKETING_VERSION = 1.0;
				PRODUCT_BUNDLE_IDENTIFIER = com.muhammeteren.AfricaApp;
				PRODUCT_NAME = "$(TARGET_NAME)";
				SWIFT_EMIT_LOC_STRINGS = YES;
				SWIFT_VERSION = 5.0;
				TARGETED_DEVICE_FAMILY = "1,2";
			};
			name = Debug;
		};
		630F49E12AE948DB002B546B /* Release */ = {
			isa = XCBuildConfiguration;
			buildSettings = {
				ASSETCATALOG_COMPILER_APPICON_NAME = AppIcon;
				ASSETCATALOG_COMPILER_GLOBAL_ACCENT_COLOR_NAME = AccentColor;
				CODE_SIGN_STYLE = Automatic;
				CURRENT_PROJECT_VERSION = 1;
				DEVELOPMENT_ASSET_PATHS = "\"AfricaApp/Preview Content\"";
				DEVELOPMENT_TEAM = 64DUHGC36K;
				ENABLE_PREVIEWS = YES;
				GENERATE_INFOPLIST_FILE = YES;
				INFOPLIST_FILE = AfricaApp/Info.plist;
				INFOPLIST_KEY_UIApplicationSceneManifest_Generation = YES;
				INFOPLIST_KEY_UIApplicationSupportsIndirectInputEvents = YES;
				INFOPLIST_KEY_UISupportedInterfaceOrientations_iPad = "UIInterfaceOrientationPortrait UIInterfaceOrientationPortraitUpsideDown UIInterfaceOrientationLandscapeLeft UIInterfaceOrientationLandscapeRight";
				INFOPLIST_KEY_UISupportedInterfaceOrientations_iPhone = "UIInterfaceOrientationPortrait UIInterfaceOrientationLandscapeLeft UIInterfaceOrientationLandscapeRight";
				INFOPLIST_KEY_UIUserInterfaceStyle = Dark;
				LD_RUNPATH_SEARCH_PATHS = (
					"$(inherited)",
					"@executable_path/Frameworks",
				);
				MARKETING_VERSION = 1.0;
				PRODUCT_BUNDLE_IDENTIFIER = com.muhammeteren.AfricaApp;
				PRODUCT_NAME = "$(TARGET_NAME)";
				SWIFT_EMIT_LOC_STRINGS = YES;
				SWIFT_VERSION = 5.0;
				TARGETED_DEVICE_FAMILY = "1,2";
			};
			name = Release;
		};
/* End XCBuildConfiguration section */

/* Begin XCConfigurationList section */
		630F49CC2AE948DA002B546B /* Build configuration list for PBXProject "AfricaApp" */ = {
			isa = XCConfigurationList;
			buildConfigurations = (
				630F49DD2AE948DB002B546B /* Debug */,
				630F49DE2AE948DB002B546B /* Release */,
			);
			defaultConfigurationIsVisible = 0;
			defaultConfigurationName = Release;
		};
		630F49DF2AE948DB002B546B /* Build configuration list for PBXNativeTarget "AfricaApp" */ = {
			isa = XCConfigurationList;
			buildConfigurations = (
				630F49E02AE948DB002B546B /* Debug */,
				630F49E12AE948DB002B546B /* Release */,
			);
			defaultConfigurationIsVisible = 0;
			defaultConfigurationName = Release;
		};
/* End XCConfigurationList section */
	};
	rootObject = 630F49C92AE948DA002B546B /* Project object */;
}
